
Microsoft Visual Studio Solution File, Format Version 12.00
# Visual Studio Version 16
VisualStudioVersion = 16.0.30104.148
MinimumVisualStudioVersion = 10.0.40219.1
Project("{9A19103F-16F7-4668-BE54-9A1E7A4F7556}") = "SimpleBrokeredMessaging.Sender", "SimpleBrokeredMessaging.Sender\SimpleBrokeredMessaging.Sender.csproj", "{9B99B2BC-1C08-49CA-916E-F9D2A07AEF13}"
EndProject
Project("{9A19103F-16F7-4668-BE54-9A1E7A4F7556}") = "SimpleBrokeredMessaging.Receiver", "SimpleBrokeredMessaging.Receiver\SimpleBrokeredMessaging.Receiver.csproj", "{85677314-4A4E-4331-B0E6-5A637BCC4403}"
EndProject
Project("{FAE04EC0-301F-11D3-BF4B-00C04F79EFBC}") = "SimpleBrokeredMessaging.ConsoleApp", "SimpleBrokeredMessaging.ConsoleApp\SimpleBrokeredMessaging.ConsoleApp.csproj", "{8FA94C5C-3BB4-4B0F-BB49-C8E5C989EF0B}"
EndProject
Project("{FAE04EC0-301F-11D3-BF4B-00C04F79EFBC}") = "SimpleBrokeredMessaging.Config", "SimpleBrokeredMessaging.Config\SimpleBrokeredMessaging.Config.csproj", "{1EA611F8-1AA3-45C5-B3C8-5ED29067DA6D}"
EndProject
Project("{FAE04EC0-301F-11D3-BF4B-00C04F79EFBC}") = "SimpleBrokeredMessaging.MessageEntities", "SimpleBrokeredMessaging.MessageEntities\SimpleBrokeredMessaging.MessageEntities.csproj", "{418A2D16-2307-4C61-B91F-0D4424180CE7}"
EndProject
Project("{FAE04EC0-301F-11D3-BF4B-00C04F79EFBC}") = "TopicsAndSubscriptionsApp", "TopicsAndSubscriptionsApp\TopicsAndSubscriptionsApp.csproj", "{6C0A0F44-0CE7-40D6-B946-A04715F51E77}"
EndProject
Global
	GlobalSection(SolutionConfigurationPlatforms) = preSolution
		Debug|Any CPU = Debug|Any CPU
		Release|Any CPU = Release|Any CPU
	EndGlobalSection
	GlobalSection(ProjectConfigurationPlatforms) = postSolution
		{9B99B2BC-1C08-49CA-916E-F9D2A07AEF13}.Debug|Any CPU.ActiveCfg = Debug|Any CPU
		{9B99B2BC-1C08-49CA-916E-F9D2A07AEF13}.Debug|Any CPU.Build.0 = Debug|Any CPU
		{9B99B2BC-1C08-49CA-916E-F9D2A07AEF13}.Release|Any CPU.ActiveCfg = Release|Any CPU
		{9B99B2BC-1C08-49CA-916E-F9D2A07AEF13}.Release|Any CPU.Build.0 = Release|Any CPU
		{85677314-4A4E-4331-B0E6-5A637BCC4403}.Debug|Any CPU.ActiveCfg = Debug|Any CPU
		{85677314-4A4E-4331-B0E6-5A637BCC4403}.Debug|Any CPU.Build.0 = Debug|Any CPU
		{85677314-4A4E-4331-B0E6-5A637BCC4403}.Release|Any CPU.ActiveCfg = Release|Any CPU
		{85677314-4A4E-4331-B0E6-5A637BCC4403}.Release|Any CPU.Build.0 = Release|Any CPU
		{8FA94C5C-3BB4-4B0F-BB49-C8E5C989EF0B}.Debug|Any CPU.ActiveCfg = Debug|Any CPU
		{8FA94C5C-3BB4-4B0F-BB49-C8E5C989EF0B}.Debug|Any CPU.Build.0 = Debug|Any CPU
		{8FA94C5C-3BB4-4B0F-BB49-C8E5C989EF0B}.Release|Any CPU.ActiveCfg = Release|Any CPU
		{8FA94C5C-3BB4-4B0F-BB49-C8E5C989EF0B}.Release|Any CPU.Build.0 = Release|Any CPU
		{1EA611F8-1AA3-45C5-B3C8-5ED29067DA6D}.Debug|Any CPU.ActiveCfg = Debug|Any CPU
		{1EA611F8-1AA3-45C5-B3C8-5ED29067DA6D}.Debug|Any CPU.Build.0 = Debug|Any CPU
		{1EA611F8-1AA3-45C5-B3C8-5ED29067DA6D}.Release|Any CPU.ActiveCfg = Release|Any CPU
		{1EA611F8-1AA3-45C5-B3C8-5ED29067DA6D}.Release|Any CPU.Build.0 = Release|Any CPU
		{418A2D16-2307-4C61-B91F-0D4424180CE7}.Debug|Any CPU.ActiveCfg = Debug|Any CPU
		{418A2D16-2307-4C61-B91F-0D4424180CE7}.Debug|Any CPU.Build.0 = Debug|Any CPU
		{418A2D16-2307-4C61-B91F-0D4424180CE7}.Release|Any CPU.ActiveCfg = Release|Any CPU
		{418A2D16-2307-4C61-B91F-0D4424180CE7}.Release|Any CPU.Build.0 = Release|Any CPU
		{6C0A0F44-0CE7-40D6-B946-A04715F51E77}.Debug|Any CPU.ActiveCfg = Debug|Any CPU
		{6C0A0F44-0CE7-40D6-B946-A04715F51E77}.Debug|Any CPU.Build.0 = Debug|Any CPU
		{6C0A0F44-0CE7-40D6-B946-A04715F51E77}.Release|Any CPU.ActiveCfg = Release|Any CPU
		{6C0A0F44-0CE7-40D6-B946-A04715F51E77}.Release|Any CPU.Build.0 = Release|Any CPU
	EndGlobalSection
	GlobalSection(SolutionProperties) = preSolution
		HideSolutionNode = FALSE
	EndGlobalSection
	GlobalSection(ExtensibilityGlobals) = postSolution
		SolutionGuid = {F51FBF43-89C8-455A-B7E3-2F6169676108}
	EndGlobalSection
EndGlobal
